schema: '2.0'
stages:
  prepare:
    cmd: python src/prepare.py data/raw/dataset.csv data/prepared
    deps:
    - path: data/raw/dataset.csv
      hash: md5
      md5: 81c4699d70ecf480cda0081759db853a
      size: 20118249
    - path: src/prepare.py
      hash: md5
      md5: 78fc9b4840ed7507fa9affbb36f706a5
      size: 3264
    outs:
    - path: data/prepared
      hash: md5
      md5: 283ce987e8e78821848d40230d72945f.dir
      size: 14524559
      nfiles: 3
  train:
    cmd: python src/train.py data/prepared data/models
    deps:
    - path: data/prepared
      hash: md5
      md5: 283ce987e8e78821848d40230d72945f.dir
      size: 14524559
      nfiles: 3
    - path: src/train.py
      hash: md5
      md5: 6fc0410d6dd4cde93f754278df1bb118
      size: 14891
    outs:
    - path: data/models
      hash: md5
      md5: 7b1acf25415a187708f241c44c8cdad8.dir
      size: 9842113
      nfiles: 1
